
Microsoft Visual Studio Solution File, Format Version 12.00
# Visual Studio 15
VisualStudioVersion = 15.0.27428.2005
MinimumVisualStudioVersion = 10.0.40219.1
Project("{FAE04EC0-301F-11D3-BF4B-00C04F79EFBC}") = "FlippingTracker", "FlippingTracker\FlippingTracker.csproj", "{BB759D90-7179-447F-B7EC-03AA32317032}"
EndProject
Project("{FAE04EC0-301F-11D3-BF4B-00C04F79EFBC}") = "FlippingTracker.Tests", "FlippingTracker.Tests\FlippingTracker.Tests.csproj", "{E9C71755-174F-483E-A486-8A68E4253654}"
EndProject
Global
	GlobalSection(SolutionConfigurationPlatforms) = preSolution
		Debug|Any CPU = Debug|Any CPU
		Release|Any CPU = Release|Any CPU
	EndGlobalSection
	GlobalSection(ProjectConfigurationPlatforms) = postSolution
		{BB759D90-7179-447F-B7EC-03AA32317032}.Debug|Any CPU.ActiveCfg = Debug|Any CPU
		{BB759D90-7179-447F-B7EC-03AA32317032}.Debug|Any CPU.Build.0 = Debug|Any CPU
		{BB759D90-7179-447F-B7EC-03AA32317032}.Release|Any CPU.ActiveCfg = Release|Any CPU
		{BB759D90-7179-447F-B7EC-03AA32317032}.Release|Any CPU.Build.0 = Release|Any CPU
		{E9C71755-174F-483E-A486-8A68E4253654}.Debug|Any CPU.ActiveCfg = Debug|Any CPU
		{E9C71755-174F-483E-A486-8A68E4253654}.Debug|Any CPU.Build.0 = Debug|Any CPU
		{E9C71755-174F-483E-A486-8A68E4253654}.Release|Any CPU.ActiveCfg = Release|Any CPU
		{E9C71755-174F-483E-A486-8A68E4253654}.Release|Any CPU.Build.0 = Release|Any CPU
	EndGlobalSection
	GlobalSection(SolutionProperties) = preSolution
		HideSolutionNode = FALSE
	EndGlobalSection
	GlobalSection(ExtensibilityGlobals) = postSolution
		SolutionGuid = {D258D8A9-1003-4138-A37A-4EE5A75DFFD2}
	EndGlobalSection
EndGlobal
